
Microsoft Visual Studio Solution File, Format Version 12.00
# Visual Studio Version 17
VisualStudioVersion = 17.0.31903.59
MinimumVisualStudioVersion = 10.0.40219.1
Project("{FAE04EC0-301F-11D3-BF4B-00C04F79EFBC}") = "SAGE.Application", "SAGE.Application\SAGE.Application.csproj", "{09C4F241-F720-4440-9918-9C9572FA1AF5}"
EndProject
Project("{FAE04EC0-301F-11D3-BF4B-00C04F79EFBC}") = "SAGE.Domain", "SAGE.Domain\SAGE.Domain.csproj", "{E9CF7F14-74F6-40D3-BDD8-672C2B2D4012}"
EndProject
Project("{FAE04EC0-301F-11D3-BF4B-00C04F79EFBC}") = "SAGE.Infrastructure", "SAGE.Infrastructure\SAGE.Infrastructure.csproj", "{106C1E56-D465-46E3-8151-54D41508BABA}"
EndProject
Project("{FAE04EC0-301F-11D3-BF4B-00C04F79EFBC}") = "SAGE.Entrypoint", "SAGE.Entrypoint\SAGE.Entrypoint.csproj", "{BF27A802-CDE2-4BA7-B28D-F9FDD54360E5}"
EndProject
Global
	GlobalSection(SolutionConfigurationPlatforms) = preSolution
		Debug|Any CPU = Debug|Any CPU
		Release|Any CPU = Release|Any CPU
	EndGlobalSection
	GlobalSection(SolutionProperties) = preSolution
		HideSolutionNode = FALSE
	EndGlobalSection
	GlobalSection(ProjectConfigurationPlatforms) = postSolution
		{0BF4BC85-422D-4D1A-810A-28299534481F}.Debug|Any CPU.ActiveCfg = Debug|Any CPU
		{0BF4BC85-422D-4D1A-810A-28299534481F}.Debug|Any CPU.Build.0 = Debug|Any CPU
		{0BF4BC85-422D-4D1A-810A-28299534481F}.Release|Any CPU.ActiveCfg = Release|Any CPU
		{0BF4BC85-422D-4D1A-810A-28299534481F}.Release|Any CPU.Build.0 = Release|Any CPU
		{09C4F241-F720-4440-9918-9C9572FA1AF5}.Debug|Any CPU.ActiveCfg = Debug|Any CPU
		{09C4F241-F720-4440-9918-9C9572FA1AF5}.Debug|Any CPU.Build.0 = Debug|Any CPU
		{09C4F241-F720-4440-9918-9C9572FA1AF5}.Release|Any CPU.ActiveCfg = Release|Any CPU
		{09C4F241-F720-4440-9918-9C9572FA1AF5}.Release|Any CPU.Build.0 = Release|Any CPU
		{E9CF7F14-74F6-40D3-BDD8-672C2B2D4012}.Debug|Any CPU.ActiveCfg = Debug|Any CPU
		{E9CF7F14-74F6-40D3-BDD8-672C2B2D4012}.Debug|Any CPU.Build.0 = Debug|Any CPU
		{E9CF7F14-74F6-40D3-BDD8-672C2B2D4012}.Release|Any CPU.ActiveCfg = Release|Any CPU
		{E9CF7F14-74F6-40D3-BDD8-672C2B2D4012}.Release|Any CPU.Build.0 = Release|Any CPU
		{106C1E56-D465-46E3-8151-54D41508BABA}.Debug|Any CPU.ActiveCfg = Debug|Any CPU
		{106C1E56-D465-46E3-8151-54D41508BABA}.Debug|Any CPU.Build.0 = Debug|Any CPU
		{106C1E56-D465-46E3-8151-54D41508BABA}.Release|Any CPU.ActiveCfg = Release|Any CPU
		{106C1E56-D465-46E3-8151-54D41508BABA}.Release|Any CPU.Build.0 = Release|Any CPU
		{BF27A802-CDE2-4BA7-B28D-F9FDD54360E5}.Debug|Any CPU.ActiveCfg = Debug|Any CPU
		{BF27A802-CDE2-4BA7-B28D-F9FDD54360E5}.Debug|Any CPU.Build.0 = Debug|Any CPU
		{BF27A802-CDE2-4BA7-B28D-F9FDD54360E5}.Release|Any CPU.ActiveCfg = Release|Any CPU
		{BF27A802-CDE2-4BA7-B28D-F9FDD54360E5}.Release|Any CPU.Build.0 = Release|Any CPU
	EndGlobalSection
EndGlobal
